
Microsoft Visual Studio Solution File, Format Version 12.00
# Visual Studio Version 16
VisualStudioVersion = 16.0.29519.181
MinimumVisualStudioVersion = 10.0.40219.1
Project("{9A19103F-16F7-4668-BE54-9A1E7A4F7556}") = "SlackBot.Api", "SlackBot.Api\SlackBot.Api.csproj", "{98F7A9E2-6B58-4AB3-8C9D-D1AF9EE1FB0B}"
EndProject
Global
	GlobalSection(SolutionConfigurationPlatforms) = preSolution
		Debug|Any CPU = Debug|Any CPU
		Release|Any CPU = Release|Any CPU
	EndGlobalSection
	GlobalSection(ProjectConfigurationPlatforms) = postSolution
		{98F7A9E2-6B58-4AB3-8C9D-D1AF9EE1FB0B}.Debug|Any CPU.ActiveCfg = Debug|Any CPU
		{98F7A9E2-6B58-4AB3-8C9D-D1AF9EE1FB0B}.Debug|Any CPU.Build.0 = Debug|Any CPU
		{98F7A9E2-6B58-4AB3-8C9D-D1AF9EE1FB0B}.Release|Any CPU.ActiveCfg = Release|Any CPU
		{98F7A9E2-6B58-4AB3-8C9D-D1AF9EE1FB0B}.Release|Any CPU.Build.0 = Release|Any CPU
	EndGlobalSection
	GlobalSection(SolutionProperties) = preSolution
		HideSolutionNode = FALSE
	EndGlobalSection
	GlobalSection(ExtensibilityGlobals) = postSolution
		SolutionGuid = {5FDAD040-1B48-49B6-8468-228346D0B8CC}
	EndGlobalSection
EndGlobal
